
Microsoft Visual Studio Solution File, Format Version 12.00
# Visual Studio Version 16
VisualStudioVersion = 16.0.31129.286
MinimumVisualStudioVersion = 10.0.40219.1
Project("{FAE04EC0-301F-11D3-BF4B-00C04F79EFBC}") = "SimulateHuman", "SimulateHuman\SimulateHuman.csproj", "{196182F9-1A30-4A56-A46B-1B3CEDC27CE1}"
EndProject
Global
	GlobalSection(SolutionConfigurationPlatforms) = preSolution
		Debug|Any CPU = Debug|Any CPU
		Release|Any CPU = Release|Any CPU
	EndGlobalSection
	GlobalSection(ProjectConfigurationPlatforms) = postSolution
		{196182F9-1A30-4A56-A46B-1B3CEDC27CE1}.Debug|Any CPU.ActiveCfg = Debug|Any CPU
		{196182F9-1A30-4A56-A46B-1B3CEDC27CE1}.Debug|Any CPU.Build.0 = Debug|Any CPU
		{196182F9-1A30-4A56-A46B-1B3CEDC27CE1}.Release|Any CPU.ActiveCfg = Release|Any CPU
		{196182F9-1A30-4A56-A46B-1B3CEDC27CE1}.Release|Any CPU.Build.0 = Release|Any CPU
	EndGlobalSection
	GlobalSection(SolutionProperties) = preSolution
		HideSolutionNode = FALSE
	EndGlobalSection
	GlobalSection(ExtensibilityGlobals) = postSolution
		SolutionGuid = {3E98EB48-9BDB-492A-9459-AE40677925E1}
	EndGlobalSection
EndGlobal
